
Microsoft Visual Studio Solution File, Format Version 12.00
# Visual Studio 15
VisualStudioVersion = 15.0.26730.8
MinimumVisualStudioVersion = 10.0.40219.1
Project("{FAE04EC0-301F-11D3-BF4B-00C04F79EFBC}") = "PyramidTraverseExercise", "PyramidTraverseExercise\PyramidTraverseExercise.csproj", "{E83A43A3-83CB-4151-9DBE-FC685F32C0C5}"
EndProject
Project("{FAE04EC0-301F-11D3-BF4B-00C04F79EFBC}") = "PyramidTraverseExercise.UnitTest", "PyramidTraverseExercise.UnitTest\PyramidTraverseExercise.UnitTest.csproj", "{F33E2BBE-096A-4577-80BA-404D8BB5A93E}"
EndProject
Project("{FAE04EC0-301F-11D3-BF4B-00C04F79EFBC}") = "PyramidTraverseExercise.Elements", "PyramidTraverseExercise.Elements\PyramidTraverseExercise.Elements.csproj", "{93B837C4-CEB5-4E2E-AFFC-B31C6EA287C6}"
EndProject
Project("{FAE04EC0-301F-11D3-BF4B-00C04F79EFBC}") = "PyramidTraverseExercise.Common", "PyramidTraverseExercise.Common\PyramidTraverseExercise.Common.csproj", "{BE6AC61F-A7C0-48EC-A3E1-31885FA3DCAD}"
EndProject
Project("{FAE04EC0-301F-11D3-BF4B-00C04F79EFBC}") = "PyramidTraverseExercise.Elements.Contracts", "PyramidTraverseExercise.Elements.Contracts\PyramidTraverseExercise.Elements.Contracts.csproj", "{8E0E8586-DB79-4084-8684-CB0FC4913120}"
EndProject
Global
	GlobalSection(SolutionConfigurationPlatforms) = preSolution
		Debug|Any CPU = Debug|Any CPU
		Release|Any CPU = Release|Any CPU
	EndGlobalSection
	GlobalSection(ProjectConfigurationPlatforms) = postSolution
		{E83A43A3-83CB-4151-9DBE-FC685F32C0C5}.Debug|Any CPU.ActiveCfg = Debug|Any CPU
		{E83A43A3-83CB-4151-9DBE-FC685F32C0C5}.Debug|Any CPU.Build.0 = Debug|Any CPU
		{E83A43A3-83CB-4151-9DBE-FC685F32C0C5}.Release|Any CPU.ActiveCfg = Release|Any CPU
		{E83A43A3-83CB-4151-9DBE-FC685F32C0C5}.Release|Any CPU.Build.0 = Release|Any CPU
		{F33E2BBE-096A-4577-80BA-404D8BB5A93E}.Debug|Any CPU.ActiveCfg = Debug|Any CPU
		{F33E2BBE-096A-4577-80BA-404D8BB5A93E}.Debug|Any CPU.Build.0 = Debug|Any CPU
		{F33E2BBE-096A-4577-80BA-404D8BB5A93E}.Release|Any CPU.ActiveCfg = Release|Any CPU
		{F33E2BBE-096A-4577-80BA-404D8BB5A93E}.Release|Any CPU.Build.0 = Release|Any CPU
		{93B837C4-CEB5-4E2E-AFFC-B31C6EA287C6}.Debug|Any CPU.ActiveCfg = Debug|Any CPU
		{93B837C4-CEB5-4E2E-AFFC-B31C6EA287C6}.Debug|Any CPU.Build.0 = Debug|Any CPU
		{93B837C4-CEB5-4E2E-AFFC-B31C6EA287C6}.Release|Any CPU.ActiveCfg = Release|Any CPU
		{93B837C4-CEB5-4E2E-AFFC-B31C6EA287C6}.Release|Any CPU.Build.0 = Release|Any CPU
		{BE6AC61F-A7C0-48EC-A3E1-31885FA3DCAD}.Debug|Any CPU.ActiveCfg = Debug|Any CPU
		{BE6AC61F-A7C0-48EC-A3E1-31885FA3DCAD}.Debug|Any CPU.Build.0 = Debug|Any CPU
		{BE6AC61F-A7C0-48EC-A3E1-31885FA3DCAD}.Release|Any CPU.ActiveCfg = Release|Any CPU
		{BE6AC61F-A7C0-48EC-A3E1-31885FA3DCAD}.Release|Any CPU.Build.0 = Release|Any CPU
		{8E0E8586-DB79-4084-8684-CB0FC4913120}.Debug|Any CPU.ActiveCfg = Debug|Any CPU
		{8E0E8586-DB79-4084-8684-CB0FC4913120}.Debug|Any CPU.Build.0 = Debug|Any CPU
		{8E0E8586-DB79-4084-8684-CB0FC4913120}.Release|Any CPU.ActiveCfg = Release|Any CPU
		{8E0E8586-DB79-4084-8684-CB0FC4913120}.Release|Any CPU.Build.0 = Release|Any CPU
	EndGlobalSection
	GlobalSection(SolutionProperties) = preSolution
		HideSolutionNode = FALSE
	EndGlobalSection
	GlobalSection(ExtensibilityGlobals) = postSolution
		SolutionGuid = {84E85D93-0A84-40CF-9577-A44C0CF30CE6}
	EndGlobalSection
EndGlobal
